
Microsoft Visual Studio Solution File, Format Version 12.00
# Visual Studio 15
VisualStudioVersion = 15.0.27130.2027
MinimumVisualStudioVersion = 10.0.40219.1
Project("{FAE04EC0-301F-11D3-BF4B-00C04F79EFBC}") = "DecryptCocos2dAsset", "DecryptCocos2dAsset\DecryptCocos2dAsset.csproj", "{4855F0F8-CBEF-42D5-9526-9C8B33E96ABE}"
EndProject
Global
	GlobalSection(SolutionConfigurationPlatforms) = preSolution
		Debug|Any CPU = Debug|Any CPU
		Release|Any CPU = Release|Any CPU
	EndGlobalSection
	GlobalSection(ProjectConfigurationPlatforms) = postSolution
		{4855F0F8-CBEF-42D5-9526-9C8B33E96ABE}.Debug|Any CPU.ActiveCfg = Debug|Any CPU
		{4855F0F8-CBEF-42D5-9526-9C8B33E96ABE}.Debug|Any CPU.Build.0 = Debug|Any CPU
		{4855F0F8-CBEF-42D5-9526-9C8B33E96ABE}.Release|Any CPU.ActiveCfg = Release|Any CPU
		{4855F0F8-CBEF-42D5-9526-9C8B33E96ABE}.Release|Any CPU.Build.0 = Release|Any CPU
	EndGlobalSection
	GlobalSection(SolutionProperties) = preSolution
		HideSolutionNode = FALSE
	EndGlobalSection
	GlobalSection(ExtensibilityGlobals) = postSolution
		SolutionGuid = {9DFB8EC7-1BC4-4852-A1F3-37FF1D66B8D4}
	EndGlobalSection
EndGlobal
